// !$*UTF8*$!
{
	archiveVersion = 1;
	classes = {
	};
	objectVersion = 48;
	objects = {

/* Begin PBXBuildFile section */
		9726384A1DDB8AB700084C70 /* LaunchScreen.storyboard in Resources */ = {isa = PBXBuildFile; fileRef = 972638461DDB8AB700084C70 /* LaunchScreen.storyboard */; };
		9726384B1DDB8AB700084C70 /* Main.storyboard in Resources */ = {isa = PBXBuildFile; fileRef = 972638481DDB8AB700084C70 /* Main.storyboard */; };
		977721881E62FCA700F5611D /* InfoViewController.swift in Sources */ = {isa = PBXBuildFile; fileRef = 977721871E62FCA700F5611D /* InfoViewController.swift */; };
		977721911E63902300F5611D /* ErrorHandling.swift in Sources */ = {isa = PBXBuildFile; fileRef = 9777218F1E63902300F5611D /* ErrorHandling.swift */; };
		977721921E63902300F5611D /* SafariHandling.swift in Sources */ = {isa = PBXBuildFile; fileRef = 977721901E63902300F5611D /* SafariHandling.swift */; };
		97A4E3EE1C5A78CC00890D89 /* AppDelegate.swift in Sources */ = {isa = PBXBuildFile; fileRef = 97A4E3ED1C5A78CC00890D89 /* AppDelegate.swift */; };
		97A4E3F61C5A79AF00890D89 /* Lectionary.swift in Sources */ = {isa = PBXBuildFile; fileRef = 97A4E3F51C5A79AF00890D89 /* Lectionary.swift */; };
		97A4E3F81C5A79BA00890D89 /* LectionaryReadings.swift in Sources */ = {isa = PBXBuildFile; fileRef = 97A4E3F71C5A79BA00890D89 /* LectionaryReadings.swift */; };
		97A4E3FA1C5A79C400890D89 /* LectionaryViewController.swift in Sources */ = {isa = PBXBuildFile; fileRef = 97A4E3F91C5A79C400890D89 /* LectionaryViewController.swift */; };
		97A4E3FC1C5A79D300890D89 /* CalendarLogic.swift in Sources */ = {isa = PBXBuildFile; fileRef = 97A4E3FB1C5A79D300890D89 /* CalendarLogic.swift */; };
		97A4E3FE1C5A79E000890D89 /* DateExtension.swift in Sources */ = {isa = PBXBuildFile; fileRef = 97A4E3FD1C5A79E000890D89 /* DateExtension.swift */; };
		97A4E4001C5A79EE00890D89 /* CalendarView.swift in Sources */ = {isa = PBXBuildFile; fileRef = 97A4E3FF1C5A79EE00890D89 /* CalendarView.swift */; };
		97A4E4021C5A79F900890D89 /* CalendarView.xib in Resources */ = {isa = PBXBuildFile; fileRef = 97A4E4011C5A79F900890D89 /* CalendarView.xib */; };
		97A4E4041C5A7A0600890D89 /* CalendarViewController.swift in Sources */ = {isa = PBXBuildFile; fileRef = 97A4E4031C5A7A0600890D89 /* CalendarViewController.swift */; };
		97A4E4061C5A7A1100890D89 /* Date.swift in Sources */ = {isa = PBXBuildFile; fileRef = 97A4E4051C5A7A1100890D89 /* Date.swift */; };
		97A4E4081C5A7A1C00890D89 /* DayCollectionCell.swift in Sources */ = {isa = PBXBuildFile; fileRef = 97A4E4071C5A7A1C00890D89 /* DayCollectionCell.swift */; };
		97A4E40A1C5A7A2900890D89 /* DayCollectionCell.xib in Resources */ = {isa = PBXBuildFile; fileRef = 97A4E4091C5A7A2900890D89 /* DayCollectionCell.xib */; };
		97A4E40C1C5A7A3E00890D89 /* WeekHeaderView.swift in Sources */ = {isa = PBXBuildFile; fileRef = 97A4E40B1C5A7A3D00890D89 /* WeekHeaderView.swift */; };
		97A4E40E1C5A7A4900890D89 /* WeekHeaderView.xib in Resources */ = {isa = PBXBuildFile; fileRef = 97A4E40D1C5A7A4900890D89 /* WeekHeaderView.xib */; };
		97A4E4101C5A7A5700890D89 /* MonthCollectionCell.swift in Sources */ = {isa = PBXBuildFile; fileRef = 97A4E40F1C5A7A5700890D89 /* MonthCollectionCell.swift */; };
		97A4E4121C5A7A6E00890D89 /* MonthCollectionCell.xib in Resources */ = {isa = PBXBuildFile; fileRef = 97A4E4111C5A7A6E00890D89 /* MonthCollectionCell.xib */; };
		97A4E4141C5A7A9100890D89 /* Lent 2018-Assets.xcassets in Resources */ = {isa = PBXBuildFile; fileRef = 97A4E4131C5A7A9100890D89 /* Lent 2018-Assets.xcassets */; };
		E2F024BB3E315655048942B4 /* Pods_Lent_2018.framework in Frameworks */ = {isa = PBXBuildFile; fileRef = 81483E3EA15B7B931FE29F66 /* Pods_Lent_2018.framework */; };
/* End PBXBuildFile section */

/* Begin PBXFileReference section */
		81483E3EA15B7B931FE29F66 /* Pods_Lent_2018.framework */ = {isa = PBXFileReference; explicitFileType = wrapper.framework; includeInIndex = 0; path = Pods_Lent_2018.framework; sourceTree = BUILT_PRODUCTS_DIR; };
		972638471DDB8AB700084C70 /* Base */ = {isa = PBXFileReference; lastKnownFileType = file.storyboard; name = Base; path = Base.lproj/LaunchScreen.storyboard; sourceTree = "<group>"; };
		972638491DDB8AB700084C70 /* Base */ = {isa = PBXFileReference; lastKnownFileType = file.storyboard; name = Base; path = Base.lproj/Main.storyboard; sourceTree = "<group>"; };
		974622381F5B64E700C6F37C /* Lent 2018.entitlements */ = {isa = PBXFileReference; lastKnownFileType = text.plist.entitlements; path = "Lent 2018.entitlements"; sourceTree = "<group>"; };
		977721871E62FCA700F5611D /* InfoViewController.swift */ = {isa = PBXFileReference; fileEncoding = 4; lastKnownFileType = sourcecode.swift; path = InfoViewController.swift; sourceTree = "<group>"; };
		9777218F1E63902300F5611D /* ErrorHandling.swift */ = {isa = PBXFileReference; fileEncoding = 4; lastKnownFileType = sourcecode.swift; path = ErrorHandling.swift; sourceTree = "<group>"; };
		977721901E63902300F5611D /* SafariHandling.swift */ = {isa = PBXFileReference; fileEncoding = 4; lastKnownFileType = sourcecode.swift; path = SafariHandling.swift; sourceTree = "<group>"; };
		977B87B21BF721A800CDE6C6 /* Lent 2018.app */ = {isa = PBXFileReference; explicitFileType = wrapper.application; includeInIndex = 0; path = "Lent 2018.app"; sourceTree = BUILT_PRODUCTS_DIR; };
		97A4E3EB1C5A78BC00890D89 /* Lent 2018-Info.plist */ = {isa = PBXFileReference; fileEncoding = 4; lastKnownFileType = text.plist.xml; path = "Lent 2018-Info.plist"; sourceTree = "<group>"; };
		97A4E3ED1C5A78CC00890D89 /* AppDelegate.swift */ = {isa = PBXFileReference; fileEncoding = 4; lastKnownFileType = sourcecode.swift; path = AppDelegate.swift; sourceTree = "<group>"; };
		97A4E3F51C5A79AF00890D89 /* Lectionary.swift */ = {isa = PBXFileReference; fileEncoding = 4; lastKnownFileType = sourcecode.swift; path = Lectionary.swift; sourceTree = "<group>"; };
		97A4E3F71C5A79BA00890D89 /* LectionaryReadings.swift */ = {isa = PBXFileReference; fileEncoding = 4; lastKnownFileType = sourcecode.swift; path = LectionaryReadings.swift; sourceTree = "<group>"; };
		97A4E3F91C5A79C400890D89 /* LectionaryViewController.swift */ = {isa = PBXFileReference; fileEncoding = 4; lastKnownFileType = sourcecode.swift; path = LectionaryViewController.swift; sourceTree = "<group>"; };
		97A4E3FB1C5A79D300890D89 /* CalendarLogic.swift */ = {isa = PBXFileReference; fileEncoding = 4; lastKnownFileType = sourcecode.swift; path = CalendarLogic.swift; sourceTree = "<group>"; };
		97A4E3FD1C5A79E000890D89 /* DateExtension.swift */ = {isa = PBXFileReference; fileEncoding = 4; lastKnownFileType = sourcecode.swift; path = DateExtension.swift; sourceTree = "<group>"; };
		97A4E3FF1C5A79EE00890D89 /* CalendarView.swift */ = {isa = PBXFileReference; fileEncoding = 4; lastKnownFileType = sourcecode.swift; path = CalendarView.swift; sourceTree = "<group>"; };
		97A4E4011C5A79F900890D89 /* CalendarView.xib */ = {isa = PBXFileReference; fileEncoding = 4; lastKnownFileType = file.xib; path = CalendarView.xib; sourceTree = "<group>"; };
		97A4E4031C5A7A0600890D89 /* CalendarViewController.swift */ = {isa = PBXFileReference; fileEncoding = 4; lastKnownFileType = sourcecode.swift; path = CalendarViewController.swift; sourceTree = "<group>"; };
		97A4E4051C5A7A1100890D89 /* Date.swift */ = {isa = PBXFileReference; fileEncoding = 4; lastKnownFileType = sourcecode.swift; path = Date.swift; sourceTree = "<group>"; };
		97A4E4071C5A7A1C00890D89 /* DayCollectionCell.swift */ = {isa = PBXFileReference; fileEncoding = 4; lastKnownFileType = sourcecode.swift; path = DayCollectionCell.swift; sourceTree = "<group>"; };
		97A4E4091C5A7A2900890D89 /* DayCollectionCell.xib */ = {isa = PBXFileReference; fileEncoding = 4; lastKnownFileType = file.xib; path = DayCollectionCell.xib; sourceTree = "<group>"; };
		97A4E40B1C5A7A3D00890D89 /* WeekHeaderView.swift */ = {isa = PBXFileReference; fileEncoding = 4; lastKnownFileType = sourcecode.swift; path = WeekHeaderView.swift; sourceTree = "<group>"; };
		97A4E40D1C5A7A4900890D89 /* WeekHeaderView.xib */ = {isa = PBXFileReference; fileEncoding = 4; lastKnownFileType = file.xib; path = WeekHeaderView.xib; sourceTree = "<group>"; };
		97A4E40F1C5A7A5700890D89 /* MonthCollectionCell.swift */ = {isa = PBXFileReference; fileEncoding = 4; lastKnownFileType = sourcecode.swift; path = MonthCollectionCell.swift; sourceTree = "<group>"; };
		97A4E4111C5A7A6E00890D89 /* MonthCollectionCell.xib */ = {isa = PBXFileReference; fileEncoding = 4; lastKnownFileType = file.xib; path = MonthCollectionCell.xib; sourceTree = "<group>"; };
		97A4E4131C5A7A9100890D89 /* Lent 2018-Assets.xcassets */ = {isa = PBXFileReference; lastKnownFileType = folder.assetcatalog; path = "Lent 2018-Assets.xcassets"; sourceTree = "<group>"; };
		A7128E80A8B792A66FE9D5D4 /* Pods-Lent 2018.release.xcconfig */ = {isa = PBXFileReference; includeInIndex = 1; lastKnownFileType = text.xcconfig; name = "Pods-Lent 2018.release.xcconfig"; path = "Pods/Target Support Files/Pods-Lent 2018/Pods-Lent 2018.release.xcconfig"; sourceTree = "<group>"; };
		B6E3F054651390D7E9240409 /* Pods-Lent 2018.debug.xcconfig */ = {isa = PBXFileReference; includeInIndex = 1; lastKnownFileType = text.xcconfig; name = "Pods-Lent 2018.debug.xcconfig"; path = "Pods/Target Support Files/Pods-Lent 2018/Pods-Lent 2018.debug.xcconfig"; sourceTree = "<group>"; };
/* End PBXFileReference section */

/* Begin PBXFrameworksBuildPhase section */
		977B87AF1BF721A800CDE6C6 /* Frameworks */ = {
			isa = PBXFrameworksBuildPhase;
			buildActionMask = 2147483647;
			files = (
				E2F024BB3E315655048942B4 /* Pods_Lent_2018.framework in Frameworks */,
			);
			runOnlyForDeploymentPostprocessing = 0;
		};
/* End PBXFrameworksBuildPhase section */

/* Begin PBXGroup section */
		974622391F5B652A00C6F37C /* Support */ = {
			isa = PBXGroup;
			children = (
				974622381F5B64E700C6F37C /* Lent 2018.entitlements */,
				97A4E4131C5A7A9100890D89 /* Lent 2018-Assets.xcassets */,
				97A4E3EB1C5A78BC00890D89 /* Lent 2018-Info.plist */,
			);
			path = Support;
			sourceTree = "<group>";
		};
		977B87A91BF721A800CDE6C6 = {
			isa = PBXGroup;
			children = (
				97D736291DDE4791001FC5FE /* Models */,
				97D736271DDE4719001FC5FE /* Views */,
				97D736281DDE4755001FC5FE /* View Controllers */,
				97D7362A1DDE47BA001FC5FE /* Controllers */,
				974622391F5B652A00C6F37C /* Support */,
				97C3C7F51DDE511D0034C808 /* Frameworks */,
				977B87B31BF721A800CDE6C6 /* Products */,
				AE410F33BF48A6D37FB3148E /* Pods */,
			);
			sourceTree = "<group>";
		};
		977B87B31BF721A800CDE6C6 /* Products */ = {
			isa = PBXGroup;
			children = (
				977B87B21BF721A800CDE6C6 /* Lent 2018.app */,
			);
			name = Products;
			sourceTree = "<group>";
		};
		97C3C7F51DDE511D0034C808 /* Frameworks */ = {
			isa = PBXGroup;
			children = (
				81483E3EA15B7B931FE29F66 /* Pods_Lent_2018.framework */,
			);
			name = Frameworks;
			sourceTree = "<group>";
		};
		97D736271DDE4719001FC5FE /* Views */ = {
			isa = PBXGroup;
			children = (
				97A4E3FF1C5A79EE00890D89 /* CalendarView.swift */,
				97A4E40B1C5A7A3D00890D89 /* WeekHeaderView.swift */,
				97A4E4011C5A79F900890D89 /* CalendarView.xib */,
				97A4E4091C5A7A2900890D89 /* DayCollectionCell.xib */,
				97A4E4111C5A7A6E00890D89 /* MonthCollectionCell.xib */,
				97A4E40D1C5A7A4900890D89 /* WeekHeaderView.xib */,
				972638461DDB8AB700084C70 /* LaunchScreen.storyboard */,
				972638481DDB8AB700084C70 /* Main.storyboard */,
			);
			path = Views;
			sourceTree = "<group>";
		};
		97D736281DDE4755001FC5FE /* View Controllers */ = {
			isa = PBXGroup;
			children = (
				97A4E4031C5A7A0600890D89 /* CalendarViewController.swift */,
				97A4E3F91C5A79C400890D89 /* LectionaryViewController.swift */,
				977721871E62FCA700F5611D /* InfoViewController.swift */,
			);
			path = "View Controllers";
			sourceTree = "<group>";
		};
		97D736291DDE4791001FC5FE /* Models */ = {
			isa = PBXGroup;
			children = (
				97A4E3F51C5A79AF00890D89 /* Lectionary.swift */,
				97A4E3F71C5A79BA00890D89 /* LectionaryReadings.swift */,
			);
			path = Models;
			sourceTree = "<group>";
		};
		97D7362A1DDE47BA001FC5FE /* Controllers */ = {
			isa = PBXGroup;
			children = (
				97A4E3ED1C5A78CC00890D89 /* AppDelegate.swift */,
				97A4E3FB1C5A79D300890D89 /* CalendarLogic.swift */,
				97A4E4051C5A7A1100890D89 /* Date.swift */,
				97A4E3FD1C5A79E000890D89 /* DateExtension.swift */,
				97A4E4071C5A7A1C00890D89 /* DayCollectionCell.swift */,
				97A4E40F1C5A7A5700890D89 /* MonthCollectionCell.swift */,
				977721901E63902300F5611D /* SafariHandling.swift */,
				9777218F1E63902300F5611D /* ErrorHandling.swift */,
			);
			path = Controllers;
			sourceTree = "<group>";
		};
		AE410F33BF48A6D37FB3148E /* Pods */ = {
			isa = PBXGroup;
			children = (
				B6E3F054651390D7E9240409 /* Pods-Lent 2018.debug.xcconfig */,
				A7128E80A8B792A66FE9D5D4 /* Pods-Lent 2018.release.xcconfig */,
			);
			name = Pods;
			sourceTree = "<group>";
		};
/* End PBXGroup section */

/* Begin PBXNativeTarget section */
		977B87B11BF721A800CDE6C6 /* Lent 2018 */ = {
			isa = PBXNativeTarget;
			buildConfigurationList = 977B87DC1BF721A800CDE6C6 /* Build configuration list for PBXNativeTarget "Lent 2018" */;
			buildPhases = (
				DA85D855BF789EABD6DD2903 /* [CP] Check Pods Manifest.lock */,
				977B87AE1BF721A800CDE6C6 /* Sources */,
				977B87AF1BF721A800CDE6C6 /* Frameworks */,
				977B87B01BF721A800CDE6C6 /* Resources */,
				97C3C7F01DDE50D10034C808 /* ShellScript */,
				7049E0CC75F3541D548E0D3A /* [CP] Embed Pods Frameworks */,
				8393B7EC1715540FAEE9D4D3 /* [CP] Copy Pods Resources */,
			);
			buildRules = (
			);
			dependencies = (
			);
			name = "Lent 2018";
			productName = AdventCalendar;
			productReference = 977B87B21BF721A800CDE6C6 /* Lent 2018.app */;
			productType = "com.apple.product-type.application";
		};
/* End PBXNativeTarget section */

/* Begin PBXProject section */
		977B87AA1BF721A800CDE6C6 /* Project object */ = {
			isa = PBXProject;
			attributes = {
				LastSwiftUpdateCheck = 0710;
				LastUpgradeCheck = 0920;
				ORGANIZATIONNAME = "Paul Kirk Adams";
				TargetAttributes = {
					977B87B11BF721A800CDE6C6 = {
						CreatedOnToolsVersion = 7.1.1;
						DevelopmentTeam = 4M47725ZWP;
						LastSwiftMigration = 0920;
						SystemCapabilities = {
							com.apple.Push = {
								enabled = 1;
							};
						};
					};
				};
			};
			buildConfigurationList = 977B87AD1BF721A800CDE6C6 /* Build configuration list for PBXProject "Lent 2018" */;
			compatibilityVersion = "Xcode 8.0";
			developmentRegion = English;
			hasScannedForEncodings = 0;
			knownRegions = (
				en,
				Base,
			);
			mainGroup = 977B87A91BF721A800CDE6C6;
			productRefGroup = 977B87B31BF721A800CDE6C6 /* Products */;
			projectDirPath = "";
			projectRoot = "";
			targets = (
				977B87B11BF721A800CDE6C6 /* Lent 2018 */,
			);
		};
/* End PBXProject section */

/* Begin PBXResourcesBuildPhase section */
		977B87B01BF721A800CDE6C6 /* Resources */ = {
			isa = PBXResourcesBuildPhase;
			buildActionMask = 2147483647;
			files = (
				97A4E4021C5A79F900890D89 /* CalendarView.xib in Resources */,
				97A4E40A1C5A7A2900890D89 /* DayCollectionCell.xib in Resources */,
				97A4E40E1C5A7A4900890D89 /* WeekHeaderView.xib in Resources */,
				97A4E4121C5A7A6E00890D89 /* MonthCollectionCell.xib in Resources */,
				9726384A1DDB8AB700084C70 /* LaunchScreen.storyboard in Resources */,
				9726384B1DDB8AB700084C70 /* Main.storyboard in Resources */,
				97A4E4141C5A7A9100890D89 /* Lent 2018-Assets.xcassets in Resources */,
			);
			runOnlyForDeploymentPostprocessing = 0;
		};
/* End PBXResourcesBuildPhase section */

/* Begin PBXShellScriptBuildPhase section */
		7049E0CC75F3541D548E0D3A /* [CP] Embed Pods Frameworks */ = {
			isa = PBXShellScriptBuildPhase;
			buildActionMask = 2147483647;
			files = (
			);
			inputPaths = (
			);
			name = "[CP] Embed Pods Frameworks";
			outputPaths = (
			);
			runOnlyForDeploymentPostprocessing = 0;
			shellPath = /bin/sh;
			shellScript = "\"${SRCROOT}/Pods/Target Support Files/Pods-Lent 2018/Pods-Lent 2018-frameworks.sh\"\n";
			showEnvVarsInLog = 0;
		};
		8393B7EC1715540FAEE9D4D3 /* [CP] Copy Pods Resources */ = {
			isa = PBXShellScriptBuildPhase;
			buildActionMask = 2147483647;
			files = (
			);
			inputPaths = (
			);
			name = "[CP] Copy Pods Resources";
			outputPaths = (
			);
			runOnlyForDeploymentPostprocessing = 0;
			shellPath = /bin/sh;
			shellScript = "\"${SRCROOT}/Pods/Target Support Files/Pods-Lent 2018/Pods-Lent 2018-resources.sh\"\n";
			showEnvVarsInLog = 0;
		};
		97C3C7F01DDE50D10034C808 /* ShellScript */ = {
			isa = PBXShellScriptBuildPhase;
			buildActionMask = 2147483647;
			files = (
			);
			inputPaths = (
			);
			outputPaths = (
			);
			runOnlyForDeploymentPostprocessing = 0;
			shellPath = /bin/sh;
			shellScript = "./Fabric.framework/run d7eff75c321d6961fdf8aa2a32b8b1608192e3ee ddc1597a16fc8e9401f80bae586afdbe450882e25d0997bd6b01a175e957534d";
		};
		DA85D855BF789EABD6DD2903 /* [CP] Check Pods Manifest.lock */ = {
			isa = PBXShellScriptBuildPhase;
			buildActionMask = 2147483647;
			files = (
			);
			inputPaths = (
				"${PODS_PODFILE_DIR_PATH}/Podfile.lock",
				"${PODS_ROOT}/Manifest.lock",
			);
			name = "[CP] Check Pods Manifest.lock";
			outputPaths = (
				"$(DERIVED_FILE_DIR)/Pods-Lent 2018-checkManifestLockResult.txt",
			);
			runOnlyForDeploymentPostprocessing = 0;
			shellPath = /bin/sh;
			shellScript = "diff \"${PODS_PODFILE_DIR_PATH}/Podfile.lock\" \"${PODS_ROOT}/Manifest.lock\" > /dev/null\nif [ $? != 0 ] ; then\n    # print error to STDERR\n    echo \"error: The sandbox is not in sync with the Podfile.lock. Run 'pod install' or update your CocoaPods installation.\" >&2\n    exit 1\nfi\n# This output is used by Xcode 'outputs' to avoid re-running this script phase.\necho \"SUCCESS\" > \"${SCRIPT_OUTPUT_FILE_0}\"\n";
			showEnvVarsInLog = 0;
		};
/* End PBXShellScriptBuildPhase section */

/* Begin PBXSourcesBuildPhase section */
		977B87AE1BF721A800CDE6C6 /* Sources */ = {
			isa = PBXSourcesBuildPhase;
			buildActionMask = 2147483647;
			files = (
				97A4E3EE1C5A78CC00890D89 /* AppDelegate.swift in Sources */,
				97A4E3F61C5A79AF00890D89 /* Lectionary.swift in Sources */,
				977721921E63902300F5611D /* SafariHandling.swift in Sources */,
				97A4E3F81C5A79BA00890D89 /* LectionaryReadings.swift in Sources */,
				97A4E3FA1C5A79C400890D89 /* LectionaryViewController.swift in Sources */,
				97A4E3FC1C5A79D300890D89 /* CalendarLogic.swift in Sources */,
				97A4E3FE1C5A79E000890D89 /* DateExtension.swift in Sources */,
				97A4E4001C5A79EE00890D89 /* CalendarView.swift in Sources */,
				97A4E4041C5A7A0600890D89 /* CalendarViewController.swift in Sources */,
				97A4E4061C5A7A1100890D89 /* Date.swift in Sources */,
				977721911E63902300F5611D /* ErrorHandling.swift in Sources */,
				977721881E62FCA700F5611D /* InfoViewController.swift in Sources */,
				97A4E4081C5A7A1C00890D89 /* DayCollectionCell.swift in Sources */,
				97A4E40C1C5A7A3E00890D89 /* WeekHeaderView.swift in Sources */,
				97A4E4101C5A7A5700890D89 /* MonthCollectionCell.swift in Sources */,
			);
			runOnlyForDeploymentPostprocessing = 0;
		};
/* End PBXSourcesBuildPhase section */

/* Begin PBXVariantGroup section */
		972638461DDB8AB700084C70 /* LaunchScreen.storyboard */ = {
			isa = PBXVariantGroup;
			children = (
				972638471DDB8AB700084C70 /* Base */,
			);
			name = LaunchScreen.storyboard;
			path = .;
			sourceTree = "<group>";
		};
		972638481DDB8AB700084C70 /* Main.storyboard */ = {
			isa = PBXVariantGroup;
			children = (
				972638491DDB8AB700084C70 /* Base */,
			);
			name = Main.storyboard;
			path = .;
			sourceTree = "<group>";
		};
/* End PBXVariantGroup section */

/* Begin XCBuildConfiguration section */
		977B87DA1BF721A800CDE6C6 /* Debug */ = {
			isa = XCBuildConfiguration;
			buildSettings = {
				ALWAYS_SEARCH_USER_PATHS = NO;
				ASSETCATALOG_WARNINGS = NO;
				CLANG_CXX_LANGUAGE_STANDARD = "gnu++0x";
				CLANG_CXX_LIBRARY = "libc++";
				CLANG_ENABLE_MODULES = YES;
				CLANG_ENABLE_OBJC_ARC = YES;
				CLANG_WARN_BLOCK_CAPTURE_AUTORELEASING = YES;
				CLANG_WARN_BOOL_CONVERSION = YES;
				CLANG_WARN_COMMA = YES;
				CLANG_WARN_CONSTANT_CONVERSION = YES;
				CLANG_WARN_DIRECT_OBJC_ISA_USAGE = NO;
				CLANG_WARN_EMPTY_BODY = YES;
				CLANG_WARN_ENUM_CONVERSION = YES;
				CLANG_WARN_INFINITE_RECURSION = YES;
				CLANG_WARN_INT_CONVERSION = YES;
				CLANG_WARN_NON_LITERAL_NULL_CONVERSION = YES;
				CLANG_WARN_OBJC_LITERAL_CONVERSION = YES;
				CLANG_WARN_OBJC_ROOT_CLASS = NO;
				CLANG_WARN_RANGE_LOOP_ANALYSIS = YES;
				CLANG_WARN_STRICT_PROTOTYPES = YES;
				CLANG_WARN_SUSPICIOUS_MOVE = YES;
				CLANG_WARN_UNREACHABLE_CODE = YES;
				CLANG_WARN__DUPLICATE_METHOD_MATCH = YES;
				"CODE_SIGN_IDENTITY[sdk=iphoneos*]" = "iPhone Developer";
				COPY_PHASE_STRIP = NO;
				DEBUG_INFORMATION_FORMAT = dwarf;
				ENABLE_STRICT_OBJC_MSGSEND = YES;
				ENABLE_TESTABILITY = YES;
				GCC_C_LANGUAGE_STANDARD = gnu99;
				GCC_DYNAMIC_NO_PIC = NO;
				GCC_NO_COMMON_BLOCKS = YES;
				GCC_OPTIMIZATION_LEVEL = 0;
				GCC_PREPROCESSOR_DEFINITIONS = (
					"DEBUG=1",
					"$(inherited)",
				);
				GCC_WARN_64_TO_32_BIT_CONVERSION = YES;
				GCC_WARN_ABOUT_RETURN_TYPE = YES_ERROR;
				GCC_WARN_INHIBIT_ALL_WARNINGS = YES;
				GCC_WARN_UNDECLARED_SELECTOR = YES;
				GCC_WARN_UNINITIALIZED_AUTOS = YES_AGGRESSIVE;
				GCC_WARN_UNUSED_FUNCTION = YES;
				GCC_WARN_UNUSED_VARIABLE = YES;
				IBC_WARNINGS = NO;
				IBSC_WARNINGS = NO;
				IPHONEOS_DEPLOYMENT_TARGET = 11.2;
				MTL_ENABLE_DEBUG_INFO = YES;
				ONLY_ACTIVE_ARCH = YES;
				SDKROOT = iphoneos;
				SWIFT_OPTIMIZATION_LEVEL = "-Onone";
				SWIFT_VERSION = 2.3;
				TARGETED_DEVICE_FAMILY = "1,2";
			};
			name = Debug;
		};
		977B87DB1BF721A800CDE6C6 /* Release */ = {
			isa = XCBuildConfiguration;
			buildSettings = {
				ALWAYS_SEARCH_USER_PATHS = NO;
				ASSETCATALOG_WARNINGS = NO;
				CLANG_CXX_LANGUAGE_STANDARD = "gnu++0x";
				CLANG_CXX_LIBRARY = "libc++";
				CLANG_ENABLE_MODULES = YES;
				CLANG_ENABLE_OBJC_ARC = YES;
				CLANG_WARN_BLOCK_CAPTURE_AUTORELEASING = YES;
				CLANG_WARN_BOOL_CONVERSION = YES;
				CLANG_WARN_COMMA = YES;
				CLANG_WARN_CONSTANT_CONVERSION = YES;
				CLANG_WARN_DIRECT_OBJC_ISA_USAGE = NO;
				CLANG_WARN_EMPTY_BODY = YES;
				CLANG_WARN_ENUM_CONVERSION = YES;
				CLANG_WARN_INFINITE_RECURSION = YES;
				CLANG_WARN_INT_CONVERSION = YES;
				CLANG_WARN_NON_LITERAL_NULL_CONVERSION = YES;
				CLANG_WARN_OBJC_LITERAL_CONVERSION = YES;
				CLANG_WARN_OBJC_ROOT_CLASS = NO;
				CLANG_WARN_RANGE_LOOP_ANALYSIS = YES;
				CLANG_WARN_STRICT_PROTOTYPES = YES;
				CLANG_WARN_SUSPICIOUS_MOVE = YES;
				CLANG_WARN_UNREACHABLE_CODE = YES;
				CLANG_WARN__DUPLICATE_METHOD_MATCH = YES;
				"CODE_SIGN_IDENTITY[sdk=iphoneos*]" = "iPhone Developer";
				COPY_PHASE_STRIP = NO;
				DEBUG_INFORMATION_FORMAT = "dwarf-with-dsym";
				ENABLE_NS_ASSERTIONS = NO;
				ENABLE_STRICT_OBJC_MSGSEND = YES;
				GCC_C_LANGUAGE_STANDARD = gnu99;
				GCC_NO_COMMON_BLOCKS = YES;
				GCC_WARN_64_TO_32_BIT_CONVERSION = YES;
				GCC_WARN_ABOUT_RETURN_TYPE = YES_ERROR;
				GCC_WARN_INHIBIT_ALL_WARNINGS = YES;
				GCC_WARN_UNDECLARED_SELECTOR = YES;
				GCC_WARN_UNINITIALIZED_AUTOS = YES_AGGRESSIVE;
				GCC_WARN_UNUSED_FUNCTION = YES;
				GCC_WARN_UNUSED_VARIABLE = YES;
				IBC_WARNINGS = NO;
				IBSC_WARNINGS = NO;
				IPHONEOS_DEPLOYMENT_TARGET = 11.2;
				MTL_ENABLE_DEBUG_INFO = NO;
				SDKROOT = iphoneos;
				SWIFT_OPTIMIZATION_LEVEL = "-Owholemodule";
				SWIFT_VERSION = 2.3;
				TARGETED_DEVICE_FAMILY = "1,2";
				VALIDATE_PRODUCT = YES;
			};
			name = Release;
		};
		977B87DD1BF721A800CDE6C6 /* Debug */ = {
			isa = XCBuildConfiguration;
			baseConfigurationReference = B6E3F054651390D7E9240409 /* Pods-Lent 2018.debug.xcconfig */;
			buildSettings = {
				ASSETCATALOG_COMPILER_APPICON_NAME = AppIcon;
				CODE_SIGN_ENTITLEMENTS = "$(SRCROOT)/Support/Lent 2018.entitlements";
				CODE_SIGN_IDENTITY = "iPhone Developer";
				"CODE_SIGN_IDENTITY[sdk=iphoneos*]" = "iPhone Developer";
				DEBUG_INFORMATION_FORMAT = "dwarf-with-dsym";
				FRAMEWORK_SEARCH_PATHS = "$(inherited)";
				INFOPLIST_FILE = "Support/Lent 2018-Info.plist";
				LD_RUNPATH_SEARCH_PATHS = "$(inherited) @executable_path/Frameworks";
				PRODUCT_BUNDLE_IDENTIFIER = io.pkadams67.lent2018;
				PRODUCT_NAME = "Lent 2018";
				PROVISIONING_PROFILE = "";
				SWIFT_SWIFT3_OBJC_INFERENCE = Default;
				SWIFT_VERSION = 4.0;
				TARGETED_DEVICE_FAMILY = "1,2";
			};
			name = Debug;
		};
		977B87DE1BF721A800CDE6C6 /* Release */ = {
			isa = XCBuildConfiguration;
			baseConfigurationReference = A7128E80A8B792A66FE9D5D4 /* Pods-Lent 2018.release.xcconfig */;
			buildSettings = {
				ASSETCATALOG_COMPILER_APPICON_NAME = AppIcon;
				CODE_SIGN_ENTITLEMENTS = "$(SRCROOT)/Support/Lent 2018.entitlements";
				CODE_SIGN_IDENTITY = "iPhone Developer";
				"CODE_SIGN_IDENTITY[sdk=iphoneos*]" = "iPhone Developer";
				FRAMEWORK_SEARCH_PATHS = "$(inherited)";
				INFOPLIST_FILE = "Support/Lent 2018-Info.plist";
				LD_RUNPATH_SEARCH_PATHS = "$(inherited) @executable_path/Frameworks";
				PRODUCT_BUNDLE_IDENTIFIER = io.pkadams67.lent2018;
				PRODUCT_NAME = "Lent 2018";
				PROVISIONING_PROFILE = "";
				SWIFT_SWIFT3_OBJC_INFERENCE = Default;
				SWIFT_VERSION = 4.0;
				TARGETED_DEVICE_FAMILY = "1,2";
			};
			name = Release;
		};
/* End XCBuildConfiguration section */

/* Begin XCConfigurationList section */
		977B87AD1BF721A800CDE6C6 /* Build configuration list for PBXProject "Lent 2018" */ = {
			isa = XCConfigurationList;
			buildConfigurations = (
				977B87DA1BF721A800CDE6C6 /* Debug */,
				977B87DB1BF721A800CDE6C6 /* Release */,
			);
			defaultConfigurationIsVisible = 0;
			defaultConfigurationName = Release;
		};
		977B87DC1BF721A800CDE6C6 /* Build configuration list for PBXNativeTarget "Lent 2018" */ = {
			isa = XCConfigurationList;
			buildConfigurations = (
				977B87DD1BF721A800CDE6C6 /* Debug */,
				977B87DE1BF721A800CDE6C6 /* Release */,
			);
			defaultConfigurationIsVisible = 0;
			defaultConfigurationName = Release;
		};
/* End XCConfigurationList section */
	};
	rootObject = 977B87AA1BF721A800CDE6C6 /* Project object */;
}
